
Microsoft Visual Studio Solution File, Format Version 12.00
# Visual Studio 15
Project("{FAE04EC0-301F-11D3-BF4B-00C04F79EFBC}") = "dnc-300-movie-finder-data", "dnc-300-movie-finder-data.csproj", "{919AD53B-A766-4AAF-9F43-ED58B9FFA170}"
EndProject
Global
	GlobalSection(SolutionConfigurationPlatforms) = preSolution
		Debug|Any CPU = Debug|Any CPU
		Release|Any CPU = Release|Any CPU
	EndGlobalSection
	GlobalSection(ProjectConfigurationPlatforms) = postSolution
		{919AD53B-A766-4AAF-9F43-ED58B9FFA170}.Debug|Any CPU.ActiveCfg = Debug|Any CPU
		{919AD53B-A766-4AAF-9F43-ED58B9FFA170}.Debug|Any CPU.Build.0 = Debug|Any CPU
		{919AD53B-A766-4AAF-9F43-ED58B9FFA170}.Release|Any CPU.ActiveCfg = Release|Any CPU
		{919AD53B-A766-4AAF-9F43-ED58B9FFA170}.Release|Any CPU.Build.0 = Release|Any CPU
	EndGlobalSection
EndGlobal
